// !$*UTF8*$!
{
	archiveVersion = 1;
	classes = {
	};
	objectVersion = 56;
	objects = {

/* Begin PBXBuildFile section */
		463B77522AFD274400F47CD1 /* NoteAppApp.swift in Sources */ = {isa = PBXBuildFile; fileRef = 463B77512AFD274400F47CD1 /* NoteAppApp.swift */; };
		463B77542AFD274400F47CD1 /* LoginView.swift in Sources */ = {isa = PBXBuildFile; fileRef = 463B77532AFD274400F47CD1 /* LoginView.swift */; };
		463B77562AFD274500F47CD1 /* Assets.xcassets in Resources */ = {isa = PBXBuildFile; fileRef = 463B77552AFD274500F47CD1 /* Assets.xcassets */; };
		463B77592AFD274500F47CD1 /* Preview Assets.xcassets in Resources */ = {isa = PBXBuildFile; fileRef = 463B77582AFD274500F47CD1 /* Preview Assets.xcassets */; };
		463B77632AFD29D000F47CD1 /* Color+Extension.swift in Sources */ = {isa = PBXBuildFile; fileRef = 463B77622AFD29D000F47CD1 /* Color+Extension.swift */; };
		463B77662AFD325400F47CD1 /* RegisterView.swift in Sources */ = {isa = PBXBuildFile; fileRef = 463B77652AFD325400F47CD1 /* RegisterView.swift */; };
		463B77692AFD33FB00F47CD1 /* NotesView.swift in Sources */ = {isa = PBXBuildFile; fileRef = 463B77682AFD33FB00F47CD1 /* NotesView.swift */; };
		463B776B2AFD7F2700F47CD1 /* GoogleService-Info.plist in Resources */ = {isa = PBXBuildFile; fileRef = 463B776A2AFD7F2700F47CD1 /* GoogleService-Info.plist */; };
		463B776E2AFD7FC800F47CD1 /* FirebaseAnalytics in Frameworks */ = {isa = PBXBuildFile; productRef = 463B776D2AFD7FC800F47CD1 /* FirebaseAnalytics */; };
		463B77702AFD7FC800F47CD1 /* FirebaseAnalyticsOnDeviceConversion in Frameworks */ = {isa = PBXBuildFile; productRef = 463B776F2AFD7FC800F47CD1 /* FirebaseAnalyticsOnDeviceConversion */; };
		463B77722AFD7FC800F47CD1 /* FirebaseAnalyticsSwift in Frameworks */ = {isa = PBXBuildFile; productRef = 463B77712AFD7FC800F47CD1 /* FirebaseAnalyticsSwift */; };
		463B77742AFD7FC800F47CD1 /* FirebaseAnalyticsWithoutAdIdSupport in Frameworks */ = {isa = PBXBuildFile; productRef = 463B77732AFD7FC800F47CD1 /* FirebaseAnalyticsWithoutAdIdSupport */; };
		463B77762AFD7FC800F47CD1 /* FirebaseAppCheck in Frameworks */ = {isa = PBXBuildFile; productRef = 463B77752AFD7FC800F47CD1 /* FirebaseAppCheck */; };
		463B77782AFD7FC800F47CD1 /* FirebaseAppDistribution-Beta in Frameworks */ = {isa = PBXBuildFile; productRef = 463B77772AFD7FC800F47CD1 /* FirebaseAppDistribution-Beta */; };
		463B777A2AFD7FC800F47CD1 /* FirebaseAuth in Frameworks */ = {isa = PBXBuildFile; productRef = 463B77792AFD7FC800F47CD1 /* FirebaseAuth */; };
		463B777C2AFD7FC800F47CD1 /* FirebaseAuthCombine-Community in Frameworks */ = {isa = PBXBuildFile; productRef = 463B777B2AFD7FC800F47CD1 /* FirebaseAuthCombine-Community */; };
		463B777E2AFD7FC800F47CD1 /* FirebaseCrashlytics in Frameworks */ = {isa = PBXBuildFile; productRef = 463B777D2AFD7FC800F47CD1 /* FirebaseCrashlytics */; };
		463B77802AFD7FC800F47CD1 /* FirebaseDatabase in Frameworks */ = {isa = PBXBuildFile; productRef = 463B777F2AFD7FC800F47CD1 /* FirebaseDatabase */; };
		463B77822AFD7FC800F47CD1 /* FirebaseDatabaseSwift in Frameworks */ = {isa = PBXBuildFile; productRef = 463B77812AFD7FC800F47CD1 /* FirebaseDatabaseSwift */; };
		463B77842AFD7FC800F47CD1 /* FirebaseDynamicLinks in Frameworks */ = {isa = PBXBuildFile; productRef = 463B77832AFD7FC800F47CD1 /* FirebaseDynamicLinks */; };
		463B77862AFD7FC800F47CD1 /* FirebaseFirestore in Frameworks */ = {isa = PBXBuildFile; productRef = 463B77852AFD7FC800F47CD1 /* FirebaseFirestore */; };
		463B77882AFD7FC800F47CD1 /* FirebaseFirestoreCombine-Community in Frameworks */ = {isa = PBXBuildFile; productRef = 463B77872AFD7FC800F47CD1 /* FirebaseFirestoreCombine-Community */; };
		463B778A2AFD7FC800F47CD1 /* FirebaseFirestoreSwift in Frameworks */ = {isa = PBXBuildFile; productRef = 463B77892AFD7FC800F47CD1 /* FirebaseFirestoreSwift */; };
		463B778C2AFD7FC800F47CD1 /* FirebaseFunctions in Frameworks */ = {isa = PBXBuildFile; productRef = 463B778B2AFD7FC800F47CD1 /* FirebaseFunctions */; };
		463B778E2AFD7FC800F47CD1 /* FirebaseFunctionsCombine-Community in Frameworks */ = {isa = PBXBuildFile; productRef = 463B778D2AFD7FC800F47CD1 /* FirebaseFunctionsCombine-Community */; };
		463B77902AFD7FC800F47CD1 /* FirebaseInAppMessaging-Beta in Frameworks */ = {isa = PBXBuildFile; productRef = 463B778F2AFD7FC800F47CD1 /* FirebaseInAppMessaging-Beta */; };
		463B77922AFD7FC800F47CD1 /* FirebaseInAppMessagingSwift-Beta in Frameworks */ = {isa = PBXBuildFile; productRef = 463B77912AFD7FC800F47CD1 /* FirebaseInAppMessagingSwift-Beta */; };
		463B77942AFD7FC800F47CD1 /* FirebaseInstallations in Frameworks */ = {isa = PBXBuildFile; productRef = 463B77932AFD7FC800F47CD1 /* FirebaseInstallations */; };
		463B77962AFD7FC800F47CD1 /* FirebaseMLModelDownloader in Frameworks */ = {isa = PBXBuildFile; productRef = 463B77952AFD7FC800F47CD1 /* FirebaseMLModelDownloader */; };
		463B77982AFD7FC800F47CD1 /* FirebaseMessaging in Frameworks */ = {isa = PBXBuildFile; productRef = 463B77972AFD7FC800F47CD1 /* FirebaseMessaging */; };
		463B779A2AFD7FC800F47CD1 /* FirebasePerformance in Frameworks */ = {isa = PBXBuildFile; productRef = 463B77992AFD7FC800F47CD1 /* FirebasePerformance */; };
		463B779C2AFD7FC800F47CD1 /* FirebaseRemoteConfig in Frameworks */ = {isa = PBXBuildFile; productRef = 463B779B2AFD7FC800F47CD1 /* FirebaseRemoteConfig */; };
		463B779E2AFD7FC800F47CD1 /* FirebaseRemoteConfigSwift in Frameworks */ = {isa = PBXBuildFile; productRef = 463B779D2AFD7FC800F47CD1 /* FirebaseRemoteConfigSwift */; };
		463B77A02AFD7FC800F47CD1 /* FirebaseStorage in Frameworks */ = {isa = PBXBuildFile; productRef = 463B779F2AFD7FC800F47CD1 /* FirebaseStorage */; };
		463B77A22AFD7FC800F47CD1 /* FirebaseStorageCombine-Community in Frameworks */ = {isa = PBXBuildFile; productRef = 463B77A12AFD7FC800F47CD1 /* FirebaseStorageCombine-Community */; };
		463B77A42AFD80FD00F47CD1 /* AppDelegate.swift in Sources */ = {isa = PBXBuildFile; fileRef = 463B77A32AFD80FD00F47CD1 /* AppDelegate.swift */; };
		463B77A92AFE7E4800F47CD1 /* Note.swift in Sources */ = {isa = PBXBuildFile; fileRef = 463B77A82AFE7E4800F47CD1 /* Note.swift */; };
		463B77AD2AFE7EAE00F47CD1 /* NoteViewModel.swift in Sources */ = {isa = PBXBuildFile; fileRef = 463B77AC2AFE7EAE00F47CD1 /* NoteViewModel.swift */; };
/* End PBXBuildFile section */

/* Begin PBXFileReference section */
		463B774E2AFD274400F47CD1 /* NoteApp.app */ = {isa = PBXFileReference; explicitFileType = wrapper.application; includeInIndex = 0; path = NoteApp.app; sourceTree = BUILT_PRODUCTS_DIR; };
		463B77512AFD274400F47CD1 /* NoteAppApp.swift */ = {isa = PBXFileReference; lastKnownFileType = sourcecode.swift; path = NoteAppApp.swift; sourceTree = "<group>"; };
		463B77532AFD274400F47CD1 /* LoginView.swift */ = {isa = PBXFileReference; lastKnownFileType = sourcecode.swift; path = LoginView.swift; sourceTree = "<group>"; };
		463B77552AFD274500F47CD1 /* Assets.xcassets */ = {isa = PBXFileReference; lastKnownFileType = folder.assetcatalog; path = Assets.xcassets; sourceTree = "<group>"; };
		463B77582AFD274500F47CD1 /* Preview Assets.xcassets */ = {isa = PBXFileReference; lastKnownFileType = folder.assetcatalog; path = "Preview Assets.xcassets"; sourceTree = "<group>"; };
		463B77622AFD29D000F47CD1 /* Color+Extension.swift */ = {isa = PBXFileReference; lastKnownFileType = sourcecode.swift; path = "Color+Extension.swift"; sourceTree = "<group>"; };
		463B77652AFD325400F47CD1 /* RegisterView.swift */ = {isa = PBXFileReference; lastKnownFileType = sourcecode.swift; path = RegisterView.swift; sourceTree = "<group>"; };
		463B77682AFD33FB00F47CD1 /* NotesView.swift */ = {isa = PBXFileReference; lastKnownFileType = sourcecode.swift; path = NotesView.swift; sourceTree = "<group>"; };
		463B776A2AFD7F2700F47CD1 /* GoogleService-Info.plist */ = {isa = PBXFileReference; fileEncoding = 4; lastKnownFileType = text.plist.xml; path = "GoogleService-Info.plist"; sourceTree = "<group>"; };
		463B77A32AFD80FD00F47CD1 /* AppDelegate.swift */ = {isa = PBXFileReference; lastKnownFileType = sourcecode.swift; path = AppDelegate.swift; sourceTree = "<group>"; };
		463B77A82AFE7E4800F47CD1 /* Note.swift */ = {isa = PBXFileReference; lastKnownFileType = sourcecode.swift; path = Note.swift; sourceTree = "<group>"; };
		463B77AC2AFE7EAE00F47CD1 /* NoteViewModel.swift */ = {isa = PBXFileReference; lastKnownFileType = sourcecode.swift; path = NoteViewModel.swift; sourceTree = "<group>"; };
/* End PBXFileReference section */

/* Begin PBXFrameworksBuildPhase section */
		463B774B2AFD274400F47CD1 /* Frameworks */ = {
			isa = PBXFrameworksBuildPhase;
			buildActionMask = 2147483647;
			files = (
				463B77802AFD7FC800F47CD1 /* FirebaseDatabase in Frameworks */,
				463B778E2AFD7FC800F47CD1 /* FirebaseFunctionsCombine-Community in Frameworks */,
				463B77862AFD7FC800F47CD1 /* FirebaseFirestore in Frameworks */,
				463B77722AFD7FC800F47CD1 /* FirebaseAnalyticsSwift in Frameworks */,
				463B776E2AFD7FC800F47CD1 /* FirebaseAnalytics in Frameworks */,
				463B77702AFD7FC800F47CD1 /* FirebaseAnalyticsOnDeviceConversion in Frameworks */,
				463B77962AFD7FC800F47CD1 /* FirebaseMLModelDownloader in Frameworks */,
				463B778A2AFD7FC800F47CD1 /* FirebaseFirestoreSwift in Frameworks */,
				463B77762AFD7FC800F47CD1 /* FirebaseAppCheck in Frameworks */,
				463B77742AFD7FC800F47CD1 /* FirebaseAnalyticsWithoutAdIdSupport in Frameworks */,
				463B777A2AFD7FC800F47CD1 /* FirebaseAuth in Frameworks */,
				463B777E2AFD7FC800F47CD1 /* FirebaseCrashlytics in Frameworks */,
				463B779E2AFD7FC800F47CD1 /* FirebaseRemoteConfigSwift in Frameworks */,
				463B77902AFD7FC800F47CD1 /* FirebaseInAppMessaging-Beta in Frameworks */,
				463B77822AFD7FC800F47CD1 /* FirebaseDatabaseSwift in Frameworks */,
				463B778C2AFD7FC800F47CD1 /* FirebaseFunctions in Frameworks */,
				463B77A22AFD7FC800F47CD1 /* FirebaseStorageCombine-Community in Frameworks */,
				463B779C2AFD7FC800F47CD1 /* FirebaseRemoteConfig in Frameworks */,
				463B77782AFD7FC800F47CD1 /* FirebaseAppDistribution-Beta in Frameworks */,
				463B777C2AFD7FC800F47CD1 /* FirebaseAuthCombine-Community in Frameworks */,
				463B779A2AFD7FC800F47CD1 /* FirebasePerformance in Frameworks */,
				463B77922AFD7FC800F47CD1 /* FirebaseInAppMessagingSwift-Beta in Frameworks */,
				463B77A02AFD7FC800F47CD1 /* FirebaseStorage in Frameworks */,
				463B77842AFD7FC800F47CD1 /* FirebaseDynamicLinks in Frameworks */,
				463B77882AFD7FC800F47CD1 /* FirebaseFirestoreCombine-Community in Frameworks */,
				463B77982AFD7FC800F47CD1 /* FirebaseMessaging in Frameworks */,
				463B77942AFD7FC800F47CD1 /* FirebaseInstallations in Frameworks */,
			);
			runOnlyForDeploymentPostprocessing = 0;
		};
/* End PBXFrameworksBuildPhase section */

/* Begin PBXGroup section */
		463B77452AFD274400F47CD1 = {
			isa = PBXGroup;
			children = (
				463B77502AFD274400F47CD1 /* NoteApp */,
				463B774F2AFD274400F47CD1 /* Products */,
				463B77A52AFE6FD300F47CD1 /* Frameworks */,
			);
			sourceTree = "<group>";
		};
		463B774F2AFD274400F47CD1 /* Products */ = {
			isa = PBXGroup;
			children = (
				463B774E2AFD274400F47CD1 /* NoteApp.app */,
			);
			name = Products;
			sourceTree = "<group>";
		};
		463B77502AFD274400F47CD1 /* NoteApp */ = {
			isa = PBXGroup;
			children = (
				463B77A72AFE7E3D00F47CD1 /* Model */,
				463B77672AFD33EA00F47CD1 /* Notes */,
				463B77602AFD29AE00F47CD1 /* Utils */,
				463B77642AFD324500F47CD1 /* Register */,
				463B775F2AFD28E500F47CD1 /* Login */,
				463B77512AFD274400F47CD1 /* NoteAppApp.swift */,
				463B776A2AFD7F2700F47CD1 /* GoogleService-Info.plist */,
				463B77552AFD274500F47CD1 /* Assets.xcassets */,
				463B77572AFD274500F47CD1 /* Preview Content */,
				463B77A32AFD80FD00F47CD1 /* AppDelegate.swift */,
			);
			path = NoteApp;
			sourceTree = "<group>";
		};
		463B77572AFD274500F47CD1 /* Preview Content */ = {
			isa = PBXGroup;
			children = (
				463B77582AFD274500F47CD1 /* Preview Assets.xcassets */,
			);
			path = "Preview Content";
			sourceTree = "<group>";
		};
		463B775F2AFD28E500F47CD1 /* Login */ = {
			isa = PBXGroup;
			children = (
				463B77532AFD274400F47CD1 /* LoginView.swift */,
			);
			path = Login;
			sourceTree = "<group>";
		};
		463B77602AFD29AE00F47CD1 /* Utils */ = {
			isa = PBXGroup;
			children = (
				463B77612AFD29BC00F47CD1 /* Extension */,
			);
			path = Utils;
			sourceTree = "<group>";
		};
		463B77612AFD29BC00F47CD1 /* Extension */ = {
			isa = PBXGroup;
			children = (
				463B77622AFD29D000F47CD1 /* Color+Extension.swift */,
			);
			path = Extension;
			sourceTree = "<group>";
		};
		463B77642AFD324500F47CD1 /* Register */ = {
			isa = PBXGroup;
			children = (
				463B77652AFD325400F47CD1 /* RegisterView.swift */,
			);
			path = Register;
			sourceTree = "<group>";
		};
		463B77672AFD33EA00F47CD1 /* Notes */ = {
			isa = PBXGroup;
			children = (
				463B77AB2AFE7E8300F47CD1 /* View */,
				463B77AA2AFE7E7A00F47CD1 /* ViewModel */,
			);
			path = Notes;
			sourceTree = "<group>";
		};
		463B77A52AFE6FD300F47CD1 /* Frameworks */ = {
			isa = PBXGroup;
			children = (
			);
			name = Frameworks;
			sourceTree = "<group>";
		};
		463B77A72AFE7E3D00F47CD1 /* Model */ = {
			isa = PBXGroup;
			children = (
				463B77A82AFE7E4800F47CD1 /* Note.swift */,
			);
			path = Model;
			sourceTree = "<group>";
		};
		463B77AA2AFE7E7A00F47CD1 /* ViewModel */ = {
			isa = PBXGroup;
			children = (
				463B77AC2AFE7EAE00F47CD1 /* NoteViewModel.swift */,
			);
			path = ViewModel;
			sourceTree = "<group>";
		};
		463B77AB2AFE7E8300F47CD1 /* View */ = {
			isa = PBXGroup;
			children = (
				463B77682AFD33FB00F47CD1 /* NotesView.swift */,
			);
			path = View;
			sourceTree = "<group>";
		};
/* End PBXGroup section */

/* Begin PBXNativeTarget section */
		463B774D2AFD274400F47CD1 /* NoteApp */ = {
			isa = PBXNativeTarget;
			buildConfigurationList = 463B775C2AFD274500F47CD1 /* Build configuration list for PBXNativeTarget "NoteApp" */;
			buildPhases = (
				463B774A2AFD274400F47CD1 /* Sources */,
				463B774B2AFD274400F47CD1 /* Frameworks */,
				463B774C2AFD274400F47CD1 /* Resources */,
			);
			buildRules = (
			);
			dependencies = (
			);
			name = NoteApp;
			packageProductDependencies = (
				463B776D2AFD7FC800F47CD1 /* FirebaseAnalytics */,
				463B776F2AFD7FC800F47CD1 /* FirebaseAnalyticsOnDeviceConversion */,
				463B77712AFD7FC800F47CD1 /* FirebaseAnalyticsSwift */,
				463B77732AFD7FC800F47CD1 /* FirebaseAnalyticsWithoutAdIdSupport */,
				463B77752AFD7FC800F47CD1 /* FirebaseAppCheck */,
				463B77772AFD7FC800F47CD1 /* FirebaseAppDistribution-Beta */,
				463B77792AFD7FC800F47CD1 /* FirebaseAuth */,
				463B777B2AFD7FC800F47CD1 /* FirebaseAuthCombine-Community */,
				463B777D2AFD7FC800F47CD1 /* FirebaseCrashlytics */,
				463B777F2AFD7FC800F47CD1 /* FirebaseDatabase */,
				463B77812AFD7FC800F47CD1 /* FirebaseDatabaseSwift */,
				463B77832AFD7FC800F47CD1 /* FirebaseDynamicLinks */,
				463B77852AFD7FC800F47CD1 /* FirebaseFirestore */,
				463B77872AFD7FC800F47CD1 /* FirebaseFirestoreCombine-Community */,
				463B77892AFD7FC800F47CD1 /* FirebaseFirestoreSwift */,
				463B778B2AFD7FC800F47CD1 /* FirebaseFunctions */,
				463B778D2AFD7FC800F47CD1 /* FirebaseFunctionsCombine-Community */,
				463B778F2AFD7FC800F47CD1 /* FirebaseInAppMessaging-Beta */,
				463B77912AFD7FC800F47CD1 /* FirebaseInAppMessagingSwift-Beta */,
				463B77932AFD7FC800F47CD1 /* FirebaseInstallations */,
				463B77952AFD7FC800F47CD1 /* FirebaseMLModelDownloader */,
				463B77972AFD7FC800F47CD1 /* FirebaseMessaging */,
				463B77992AFD7FC800F47CD1 /* FirebasePerformance */,
				463B779B2AFD7FC800F47CD1 /* FirebaseRemoteConfig */,
				463B779D2AFD7FC800F47CD1 /* FirebaseRemoteConfigSwift */,
				463B779F2AFD7FC800F47CD1 /* FirebaseStorage */,
				463B77A12AFD7FC800F47CD1 /* FirebaseStorageCombine-Community */,
			);
			productName = NoteApp;
			productReference = 463B774E2AFD274400F47CD1 /* NoteApp.app */;
			productType = "com.apple.product-type.application";
		};
/* End PBXNativeTarget section */

/* Begin PBXProject section */
		463B77462AFD274400F47CD1 /* Project object */ = {
			isa = PBXProject;
			attributes = {
				BuildIndependentTargetsInParallel = 1;
				LastSwiftUpdateCheck = 1500;
				LastUpgradeCheck = 1500;
				TargetAttributes = {
					463B774D2AFD274400F47CD1 = {
						CreatedOnToolsVersion = 15.0;
					};
				};
			};
			buildConfigurationList = 463B77492AFD274400F47CD1 /* Build configuration list for PBXProject "NoteApp" */;
			compatibilityVersion = "Xcode 14.0";
			developmentRegion = en;
			hasScannedForEncodings = 0;
			knownRegions = (
				en,
				Base,
			);
			mainGroup = 463B77452AFD274400F47CD1;
			packageReferences = (
				463B776C2AFD7FC800F47CD1 /* XCRemoteSwiftPackageReference "firebase-ios-sdk" */,
			);
			productRefGroup = 463B774F2AFD274400F47CD1 /* Products */;
			projectDirPath = "";
			projectRoot = "";
			targets = (
				463B774D2AFD274400F47CD1 /* NoteApp */,
			);
		};
/* End PBXProject section */

/* Begin PBXResourcesBuildPhase section */
		463B774C2AFD274400F47CD1 /* Resources */ = {
			isa = PBXResourcesBuildPhase;
			buildActionMask = 2147483647;
			files = (
				463B776B2AFD7F2700F47CD1 /* GoogleService-Info.plist in Resources */,
				463B77592AFD274500F47CD1 /* Preview Assets.xcassets in Resources */,
				463B77562AFD274500F47CD1 /* Assets.xcassets in Resources */,
			);
			runOnlyForDeploymentPostprocessing = 0;
		};
/* End PBXResourcesBuildPhase section */

/* Begin PBXSourcesBuildPhase section */
		463B774A2AFD274400F47CD1 /* Sources */ = {
			isa = PBXSourcesBuildPhase;
			buildActionMask = 2147483647;
			files = (
				463B77AD2AFE7EAE00F47CD1 /* NoteViewModel.swift in Sources */,
				463B77A42AFD80FD00F47CD1 /* AppDelegate.swift in Sources */,
				463B77542AFD274400F47CD1 /* LoginView.swift in Sources */,
				463B77A92AFE7E4800F47CD1 /* Note.swift in Sources */,
				463B77662AFD325400F47CD1 /* RegisterView.swift in Sources */,
				463B77692AFD33FB00F47CD1 /* NotesView.swift in Sources */,
				463B77632AFD29D000F47CD1 /* Color+Extension.swift in Sources */,
				463B77522AFD274400F47CD1 /* NoteAppApp.swift in Sources */,
			);
			runOnlyForDeploymentPostprocessing = 0;
		};
/* End PBXSourcesBuildPhase section */

/* Begin XCBuildConfiguration section */
		463B775A2AFD274500F47CD1 /* Debug */ = {
			isa = XCBuildConfiguration;
			buildSettings = {
				ALWAYS_SEARCH_USER_PATHS = NO;
				ASSETCATALOG_COMPILER_GENERATE_SWIFT_ASSET_SYMBOL_EXTENSIONS = YES;
				CLANG_ANALYZER_NONNULL = YES;
				CLANG_ANALYZER_NUMBER_OBJECT_CONVERSION = YES_AGGRESSIVE;
				CLANG_CXX_LANGUAGE_STANDARD = "gnu++20";
				CLANG_ENABLE_MODULES = YES;
				CLANG_ENABLE_OBJC_ARC = YES;
				CLANG_ENABLE_OBJC_WEAK = YES;
				CLANG_WARN_BLOCK_CAPTURE_AUTORELEASING = YES;
				CLANG_WARN_BOOL_CONVERSION = YES;
				CLANG_WARN_COMMA = YES;
				CLANG_WARN_CONSTANT_CONVERSION = YES;
				CLANG_WARN_DEPRECATED_OBJC_IMPLEMENTATIONS = YES;
				CLANG_WARN_DIRECT_OBJC_ISA_USAGE = YES_ERROR;
				CLANG_WARN_DOCUMENTATION_COMMENTS = YES;
				CLANG_WARN_EMPTY_BODY = YES;
				CLANG_WARN_ENUM_CONVERSION = YES;
				CLANG_WARN_INFINITE_RECURSION = YES;
				CLANG_WARN_INT_CONVERSION = YES;
				CLANG_WARN_NON_LITERAL_NULL_CONVERSION = YES;
				CLANG_WARN_OBJC_IMPLICIT_RETAIN_SELF = YES;
				CLANG_WARN_OBJC_LITERAL_CONVERSION = YES;
				CLANG_WARN_OBJC_ROOT_CLASS = YES_ERROR;
				CLANG_WARN_QUOTED_INCLUDE_IN_FRAMEWORK_HEADER = YES;
				CLANG_WARN_RANGE_LOOP_ANALYSIS = YES;
				CLANG_WARN_STRICT_PROTOTYPES = YES;
				CLANG_WARN_SUSPICIOUS_MOVE = YES;
				CLANG_WARN_UNGUARDED_AVAILABILITY = YES_AGGRESSIVE;
				CLANG_WARN_UNREACHABLE_CODE = YES;
				CLANG_WARN__DUPLICATE_METHOD_MATCH = YES;
				COPY_PHASE_STRIP = NO;
				DEBUG_INFORMATION_FORMAT = dwarf;
				ENABLE_STRICT_OBJC_MSGSEND = YES;
				ENABLE_TESTABILITY = YES;
				ENABLE_USER_SCRIPT_SANDBOXING = YES;
				GCC_C_LANGUAGE_STANDARD = gnu17;
				GCC_DYNAMIC_NO_PIC = NO;
				GCC_NO_COMMON_BLOCKS = YES;
				GCC_OPTIMIZATION_LEVEL = 0;
				GCC_PREPROCESSOR_DEFINITIONS = (
					"DEBUG=1",
					"$(inherited)",
				);
				GCC_WARN_64_TO_32_BIT_CONVERSION = YES;
				GCC_WARN_ABOUT_RETURN_TYPE = YES_ERROR;
				GCC_WARN_UNDECLARED_SELECTOR = YES;
				GCC_WARN_UNINITIALIZED_AUTOS = YES_AGGRESSIVE;
				GCC_WARN_UNUSED_FUNCTION = YES;
				GCC_WARN_UNUSED_VARIABLE = YES;
				IPHONEOS_DEPLOYMENT_TARGET = 17.0;
				LOCALIZATION_PREFERS_STRING_CATALOGS = YES;
				MTL_ENABLE_DEBUG_INFO = INCLUDE_SOURCE;
				MTL_FAST_MATH = YES;
				ONLY_ACTIVE_ARCH = YES;
				SDKROOT = iphoneos;
				SWIFT_ACTIVE_COMPILATION_CONDITIONS = "DEBUG $(inherited)";
				SWIFT_OPTIMIZATION_LEVEL = "-Onone";
			};
			name = Debug;
		};
		463B775B2AFD274500F47CD1 /* Release */ = {
			isa = XCBuildConfiguration;
			buildSettings = {
				ALWAYS_SEARCH_USER_PATHS = NO;
				ASSETCATALOG_COMPILER_GENERATE_SWIFT_ASSET_SYMBOL_EXTENSIONS = YES;
				CLANG_ANALYZER_NONNULL = YES;
				CLANG_ANALYZER_NUMBER_OBJECT_CONVERSION = YES_AGGRESSIVE;
				CLANG_CXX_LANGUAGE_STANDARD = "gnu++20";
				CLANG_ENABLE_MODULES = YES;
				CLANG_ENABLE_OBJC_ARC = YES;
				CLANG_ENABLE_OBJC_WEAK = YES;
				CLANG_WARN_BLOCK_CAPTURE_AUTORELEASING = YES;
				CLANG_WARN_BOOL_CONVERSION = YES;
				CLANG_WARN_COMMA = YES;
				CLANG_WARN_CONSTANT_CONVERSION = YES;
				CLANG_WARN_DEPRECATED_OBJC_IMPLEMENTATIONS = YES;
				CLANG_WARN_DIRECT_OBJC_ISA_USAGE = YES_ERROR;
				CLANG_WARN_DOCUMENTATION_COMMENTS = YES;
				CLANG_WARN_EMPTY_BODY = YES;
				CLANG_WARN_ENUM_CONVERSION = YES;
				CLANG_WARN_INFINITE_RECURSION = YES;
				CLANG_WARN_INT_CONVERSION = YES;
				CLANG_WARN_NON_LITERAL_NULL_CONVERSION = YES;
				CLANG_WARN_OBJC_IMPLICIT_RETAIN_SELF = YES;
				CLANG_WARN_OBJC_LITERAL_CONVERSION = YES;
				CLANG_WARN_OBJC_ROOT_CLASS = YES_ERROR;
				CLANG_WARN_QUOTED_INCLUDE_IN_FRAMEWORK_HEADER = YES;
				CLANG_WARN_RANGE_LOOP_ANALYSIS = YES;
				CLANG_WARN_STRICT_PROTOTYPES = YES;
				CLANG_WARN_SUSPICIOUS_MOVE = YES;
				CLANG_WARN_UNGUARDED_AVAILABILITY = YES_AGGRESSIVE;
				CLANG_WARN_UNREACHABLE_CODE = YES;
				CLANG_WARN__DUPLICATE_METHOD_MATCH = YES;
				COPY_PHASE_STRIP = NO;
				DEBUG_INFORMATION_FORMAT = "dwarf-with-dsym";
				ENABLE_NS_ASSERTIONS = NO;
				ENABLE_STRICT_OBJC_MSGSEND = YES;
				ENABLE_USER_SCRIPT_SANDBOXING = YES;
				GCC_C_LANGUAGE_STANDARD = gnu17;
				GCC_NO_COMMON_BLOCKS = YES;
				GCC_WARN_64_TO_32_BIT_CONVERSION = YES;
				GCC_WARN_ABOUT_RETURN_TYPE = YES_ERROR;
				GCC_WARN_UNDECLARED_SELECTOR = YES;
				GCC_WARN_UNINITIALIZED_AUTOS = YES_AGGRESSIVE;
				GCC_WARN_UNUSED_FUNCTION = YES;
				GCC_WARN_UNUSED_VARIABLE = YES;
				IPHONEOS_DEPLOYMENT_TARGET = 17.0;
				LOCALIZATION_PREFERS_STRING_CATALOGS = YES;
				MTL_ENABLE_DEBUG_INFO = NO;
				MTL_FAST_MATH = YES;
				SDKROOT = iphoneos;
				SWIFT_COMPILATION_MODE = wholemodule;
				VALIDATE_PRODUCT = YES;
			};
			name = Release;
		};
		463B775D2AFD274500F47CD1 /* Debug */ = {
			isa = XCBuildConfiguration;
			buildSettings = {
				ASSETCATALOG_COMPILER_APPICON_NAME = AppIcon;
				ASSETCATALOG_COMPILER_GLOBAL_ACCENT_COLOR_NAME = AccentColor;
				CODE_SIGN_STYLE = Automatic;
				CURRENT_PROJECT_VERSION = 1;
				DEVELOPMENT_ASSET_PATHS = "\"NoteApp/Preview Content\"";
				DEVELOPMENT_TEAM = 3WX9FH8392;
				ENABLE_PREVIEWS = YES;
				GENERATE_INFOPLIST_FILE = YES;
				INFOPLIST_KEY_UIApplicationSceneManifest_Generation = YES;
				INFOPLIST_KEY_UIApplicationSupportsIndirectInputEvents = YES;
				INFOPLIST_KEY_UILaunchScreen_Generation = YES;
				INFOPLIST_KEY_UISupportedInterfaceOrientations_iPad = "UIInterfaceOrientationPortrait UIInterfaceOrientationPortraitUpsideDown UIInterfaceOrientationLandscapeLeft UIInterfaceOrientationLandscapeRight";
				INFOPLIST_KEY_UISupportedInterfaceOrientations_iPhone = "UIInterfaceOrientationPortrait UIInterfaceOrientationLandscapeLeft UIInterfaceOrientationLandscapeRight";
				LD_RUNPATH_SEARCH_PATHS = (
					"$(inherited)",
					"@executable_path/Frameworks",
				);
				MARKETING_VERSION = 1.0;
				PRODUCT_BUNDLE_IDENTIFIER = com.lucas.NoteApp;
				PRODUCT_NAME = "$(TARGET_NAME)";
				SWIFT_EMIT_LOC_STRINGS = YES;
				SWIFT_VERSION = 5.0;
				TARGETED_DEVICE_FAMILY = "1,2";
			};
			name = Debug;
		};
		463B775E2AFD274500F47CD1 /* Release */ = {
			isa = XCBuildConfiguration;
			buildSettings = {
				ASSETCATALOG_COMPILER_APPICON_NAME = AppIcon;
				ASSETCATALOG_COMPILER_GLOBAL_ACCENT_COLOR_NAME = AccentColor;
				CODE_SIGN_STYLE = Automatic;
				CURRENT_PROJECT_VERSION = 1;
				DEVELOPMENT_ASSET_PATHS = "\"NoteApp/Preview Content\"";
				DEVELOPMENT_TEAM = 3WX9FH8392;
				ENABLE_PREVIEWS = YES;
				GENERATE_INFOPLIST_FILE = YES;
				INFOPLIST_KEY_UIApplicationSceneManifest_Generation = YES;
				INFOPLIST_KEY_UIApplicationSupportsIndirectInputEvents = YES;
				INFOPLIST_KEY_UILaunchScreen_Generation = YES;
				INFOPLIST_KEY_UISupportedInterfaceOrientations_iPad = "UIInterfaceOrientationPortrait UIInterfaceOrientationPortraitUpsideDown UIInterfaceOrientationLandscapeLeft UIInterfaceOrientationLandscapeRight";
				INFOPLIST_KEY_UISupportedInterfaceOrientations_iPhone = "UIInterfaceOrientationPortrait UIInterfaceOrientationLandscapeLeft UIInterfaceOrientationLandscapeRight";
				LD_RUNPATH_SEARCH_PATHS = (
					"$(inherited)",
					"@executable_path/Frameworks",
				);
				MARKETING_VERSION = 1.0;
				PRODUCT_BUNDLE_IDENTIFIER = com.lucas.NoteApp;
				PRODUCT_NAME = "$(TARGET_NAME)";
				SWIFT_EMIT_LOC_STRINGS = YES;
				SWIFT_VERSION = 5.0;
				TARGETED_DEVICE_FAMILY = "1,2";
			};
			name = Release;
		};
/* End XCBuildConfiguration section */

/* Begin XCConfigurationList section */
		463B77492AFD274400F47CD1 /* Build configuration list for PBXProject "NoteApp" */ = {
			isa = XCConfigurationList;
			buildConfigurations = (
				463B775A2AFD274500F47CD1 /* Debug */,
				463B775B2AFD274500F47CD1 /* Release */,
			);
			defaultConfigurationIsVisible = 0;
			defaultConfigurationName = Release;
		};
		463B775C2AFD274500F47CD1 /* Build configuration list for PBXNativeTarget "NoteApp" */ = {
			isa = XCConfigurationList;
			buildConfigurations = (
				463B775D2AFD274500F47CD1 /* Debug */,
				463B775E2AFD274500F47CD1 /* Release */,
			);
			defaultConfigurationIsVisible = 0;
			defaultConfigurationName = Release;
		};
/* End XCConfigurationList section */

/* Begin XCRemoteSwiftPackageReference section */
		463B776C2AFD7FC800F47CD1 /* XCRemoteSwiftPackageReference "firebase-ios-sdk" */ = {
			isa = XCRemoteSwiftPackageReference;
			repositoryURL = "https://github.com/firebase/firebase-ios-sdk";
			requirement = {
				kind = upToNextMajorVersion;
				minimumVersion = 10.17.0;
			};
		};
/* End XCRemoteSwiftPackageReference section */

/* Begin XCSwiftPackageProductDependency section */
		463B776D2AFD7FC800F47CD1 /* FirebaseAnalytics */ = {
			isa = XCSwiftPackageProductDependency;
			package = 463B776C2AFD7FC800F47CD1 /* XCRemoteSwiftPackageReference "firebase-ios-sdk" */;
			productName = FirebaseAnalytics;
		};
		463B776F2AFD7FC800F47CD1 /* FirebaseAnalyticsOnDeviceConversion */ = {
			isa = XCSwiftPackageProductDependency;
			package = 463B776C2AFD7FC800F47CD1 /* XCRemoteSwiftPackageReference "firebase-ios-sdk" */;
			productName = FirebaseAnalyticsOnDeviceConversion;
		};
		463B77712AFD7FC800F47CD1 /* FirebaseAnalyticsSwift */ = {
			isa = XCSwiftPackageProductDependency;
			package = 463B776C2AFD7FC800F47CD1 /* XCRemoteSwiftPackageReference "firebase-ios-sdk" */;
			productName = FirebaseAnalyticsSwift;
		};
		463B77732AFD7FC800F47CD1 /* FirebaseAnalyticsWithoutAdIdSupport */ = {
			isa = XCSwiftPackageProductDependency;
			package = 463B776C2AFD7FC800F47CD1 /* XCRemoteSwiftPackageReference "firebase-ios-sdk" */;
			productName = FirebaseAnalyticsWithoutAdIdSupport;
		};
		463B77752AFD7FC800F47CD1 /* FirebaseAppCheck */ = {
			isa = XCSwiftPackageProductDependency;
			package = 463B776C2AFD7FC800F47CD1 /* XCRemoteSwiftPackageReference "firebase-ios-sdk" */;
			productName = FirebaseAppCheck;
		};
		463B77772AFD7FC800F47CD1 /* FirebaseAppDistribution-Beta */ = {
			isa = XCSwiftPackageProductDependency;
			package = 463B776C2AFD7FC800F47CD1 /* XCRemoteSwiftPackageReference "firebase-ios-sdk" */;
			productName = "FirebaseAppDistribution-Beta";
		};
		463B77792AFD7FC800F47CD1 /* FirebaseAuth */ = {
			isa = XCSwiftPackageProductDependency;
			package = 463B776C2AFD7FC800F47CD1 /* XCRemoteSwiftPackageReference "firebase-ios-sdk" */;
			productName = FirebaseAuth;
		};
		463B777B2AFD7FC800F47CD1 /* FirebaseAuthCombine-Community */ = {
			isa = XCSwiftPackageProductDependency;
			package = 463B776C2AFD7FC800F47CD1 /* XCRemoteSwiftPackageReference "firebase-ios-sdk" */;
			productName = "FirebaseAuthCombine-Community";
		};
		463B777D2AFD7FC800F47CD1 /* FirebaseCrashlytics */ = {
			isa = XCSwiftPackageProductDependency;
			package = 463B776C2AFD7FC800F47CD1 /* XCRemoteSwiftPackageReference "firebase-ios-sdk" */;
			productName = FirebaseCrashlytics;
		};
		463B777F2AFD7FC800F47CD1 /* FirebaseDatabase */ = {
			isa = XCSwiftPackageProductDependency;
			package = 463B776C2AFD7FC800F47CD1 /* XCRemoteSwiftPackageReference "firebase-ios-sdk" */;
			productName = FirebaseDatabase;
		};
		463B77812AFD7FC800F47CD1 /* FirebaseDatabaseSwift */ = {
			isa = XCSwiftPackageProductDependency;
			package = 463B776C2AFD7FC800F47CD1 /* XCRemoteSwiftPackageReference "firebase-ios-sdk" */;
			productName = FirebaseDatabaseSwift;
		};
		463B77832AFD7FC800F47CD1 /* FirebaseDynamicLinks */ = {
			isa = XCSwiftPackageProductDependency;
			package = 463B776C2AFD7FC800F47CD1 /* XCRemoteSwiftPackageReference "firebase-ios-sdk" */;
			productName = FirebaseDynamicLinks;
		};
		463B77852AFD7FC800F47CD1 /* FirebaseFirestore */ = {
			isa = XCSwiftPackageProductDependency;
			package = 463B776C2AFD7FC800F47CD1 /* XCRemoteSwiftPackageReference "firebase-ios-sdk" */;
			productName = FirebaseFirestore;
		};
		463B77872AFD7FC800F47CD1 /* FirebaseFirestoreCombine-Community */ = {
			isa = XCSwiftPackageProductDependency;
			package = 463B776C2AFD7FC800F47CD1 /* XCRemoteSwiftPackageReference "firebase-ios-sdk" */;
			productName = "FirebaseFirestoreCombine-Community";
		};
		463B77892AFD7FC800F47CD1 /* FirebaseFirestoreSwift */ = {
			isa = XCSwiftPackageProductDependency;
			package = 463B776C2AFD7FC800F47CD1 /* XCRemoteSwiftPackageReference "firebase-ios-sdk" */;
			productName = FirebaseFirestoreSwift;
		};
		463B778B2AFD7FC800F47CD1 /* FirebaseFunctions */ = {
			isa = XCSwiftPackageProductDependency;
			package = 463B776C2AFD7FC800F47CD1 /* XCRemoteSwiftPackageReference "firebase-ios-sdk" */;
			productName = FirebaseFunctions;
		};
		463B778D2AFD7FC800F47CD1 /* FirebaseFunctionsCombine-Community */ = {
			isa = XCSwiftPackageProductDependency;
			package = 463B776C2AFD7FC800F47CD1 /* XCRemoteSwiftPackageReference "firebase-ios-sdk" */;
			productName = "FirebaseFunctionsCombine-Community";
		};
		463B778F2AFD7FC800F47CD1 /* FirebaseInAppMessaging-Beta */ = {
			isa = XCSwiftPackageProductDependency;
			package = 463B776C2AFD7FC800F47CD1 /* XCRemoteSwiftPackageReference "firebase-ios-sdk" */;
			productName = "FirebaseInAppMessaging-Beta";
		};
		463B77912AFD7FC800F47CD1 /* FirebaseInAppMessagingSwift-Beta */ = {
			isa = XCSwiftPackageProductDependency;
			package = 463B776C2AFD7FC800F47CD1 /* XCRemoteSwiftPackageReference "firebase-ios-sdk" */;
			productName = "FirebaseInAppMessagingSwift-Beta";
		};
		463B77932AFD7FC800F47CD1 /* FirebaseInstallations */ = {
			isa = XCSwiftPackageProductDependency;
			package = 463B776C2AFD7FC800F47CD1 /* XCRemoteSwiftPackageReference "firebase-ios-sdk" */;
			productName = FirebaseInstallations;
		};
		463B77952AFD7FC800F47CD1 /* FirebaseMLModelDownloader */ = {
			isa = XCSwiftPackageProductDependency;
			package = 463B776C2AFD7FC800F47CD1 /* XCRemoteSwiftPackageReference "firebase-ios-sdk" */;
			productName = FirebaseMLModelDownloader;
		};
		463B77972AFD7FC800F47CD1 /* FirebaseMessaging */ = {
			isa = XCSwiftPackageProductDependency;
			package = 463B776C2AFD7FC800F47CD1 /* XCRemoteSwiftPackageReference "firebase-ios-sdk" */;
			productName = FirebaseMessaging;
		};
		463B77992AFD7FC800F47CD1 /* FirebasePerformance */ = {
			isa = XCSwiftPackageProductDependency;
			package = 463B776C2AFD7FC800F47CD1 /* XCRemoteSwiftPackageReference "firebase-ios-sdk" */;
			productName = FirebasePerformance;
		};
		463B779B2AFD7FC800F47CD1 /* FirebaseRemoteConfig */ = {
			isa = XCSwiftPackageProductDependency;
			package = 463B776C2AFD7FC800F47CD1 /* XCRemoteSwiftPackageReference "firebase-ios-sdk" */;
			productName = FirebaseRemoteConfig;
		};
		463B779D2AFD7FC800F47CD1 /* FirebaseRemoteConfigSwift */ = {
			isa = XCSwiftPackageProductDependency;
			package = 463B776C2AFD7FC800F47CD1 /* XCRemoteSwiftPackageReference "firebase-ios-sdk" */;
			productName = FirebaseRemoteConfigSwift;
		};
		463B779F2AFD7FC800F47CD1 /* FirebaseStorage */ = {
			isa = XCSwiftPackageProductDependency;
			package = 463B776C2AFD7FC800F47CD1 /* XCRemoteSwiftPackageReference "firebase-ios-sdk" */;
			productName = FirebaseStorage;
		};
		463B77A12AFD7FC800F47CD1 /* FirebaseStorageCombine-Community */ = {
			isa = XCSwiftPackageProductDependency;
			package = 463B776C2AFD7FC800F47CD1 /* XCRemoteSwiftPackageReference "firebase-ios-sdk" */;
			productName = "FirebaseStorageCombine-Community";
		};
/* End XCSwiftPackageProductDependency section */
	};
	rootObject = 463B77462AFD274400F47CD1 /* Project object */;
}
